
Microsoft Visual Studio Solution File, Format Version 12.00
# Visual Studio Version 16
VisualStudioVersion = 16.0.30002.166
MinimumVisualStudioVersion = 10.0.40219.1
Project("{2150E333-8FDC-42A3-9474-1A3956D46DE8}") = "01.Core", "01.Core", "{F39302E4-3F88-425E-8C3D-B949D9AE6815}"
EndProject
Project("{9A19103F-16F7-4668-BE54-9A1E7A4F7556}") = "Core", "Core\Core.csproj", "{72B96778-D33B-4102-8F53-9FCE2B053481}"
EndProject
Project("{2150E333-8FDC-42A3-9474-1A3956D46DE8}") = "02.Pages", "02.Pages", "{2DD399D0-E248-4192-8081-8BEF3C1A4FF8}"
EndProject
Project("{2150E333-8FDC-42A3-9474-1A3956D46DE8}") = "03.Test", "03.Test", "{3A4A3417-B74C-421F-B3E7-D1FB6C1BADE7}"
EndProject
Project("{9A19103F-16F7-4668-BE54-9A1E7A4F7556}") = "PagesProject", "PagesProject\PagesProject.csproj", "{B3DDD70A-93BC-487E-8D35-2C2B0356A258}"
EndProject
Project("{9A19103F-16F7-4668-BE54-9A1E7A4F7556}") = "WebTestProject", "WebTestProject\WebTestProject.csproj", "{1E75B376-5B4C-4ABE-B253-DEAF4ABCF1AB}"
EndProject
Project("{9A19103F-16F7-4668-BE54-9A1E7A4F7556}") = "MobileTestProject", "MobileTestProject\MobileTestProject.csproj", "{BB902FDF-2B12-495C-ACA1-9EC3F3795AA9}"
EndProject
Project("{9A19103F-16F7-4668-BE54-9A1E7A4F7556}") = "ResourcesAccess", "ResourcesAccess\ResourcesAccess.csproj", "{CD408085-56C5-4D82-9EEA-8E25A7CDFADD}"
EndProject
Project("{2150E333-8FDC-42A3-9474-1A3956D46DE8}") = "04.BD", "04.BD", "{E97CF558-7E02-4B78-AC90-985A878E566C}"
EndProject
Global
	GlobalSection(SolutionConfigurationPlatforms) = preSolution
		Debug|Any CPU = Debug|Any CPU
		Release|Any CPU = Release|Any CPU
	EndGlobalSection
	GlobalSection(ProjectConfigurationPlatforms) = postSolution
		{72B96778-D33B-4102-8F53-9FCE2B053481}.Debug|Any CPU.ActiveCfg = Debug|Any CPU
		{72B96778-D33B-4102-8F53-9FCE2B053481}.Debug|Any CPU.Build.0 = Debug|Any CPU
		{72B96778-D33B-4102-8F53-9FCE2B053481}.Release|Any CPU.ActiveCfg = Release|Any CPU
		{72B96778-D33B-4102-8F53-9FCE2B053481}.Release|Any CPU.Build.0 = Release|Any CPU
		{B3DDD70A-93BC-487E-8D35-2C2B0356A258}.Debug|Any CPU.ActiveCfg = Debug|Any CPU
		{B3DDD70A-93BC-487E-8D35-2C2B0356A258}.Debug|Any CPU.Build.0 = Debug|Any CPU
		{B3DDD70A-93BC-487E-8D35-2C2B0356A258}.Release|Any CPU.ActiveCfg = Release|Any CPU
		{B3DDD70A-93BC-487E-8D35-2C2B0356A258}.Release|Any CPU.Build.0 = Release|Any CPU
		{1E75B376-5B4C-4ABE-B253-DEAF4ABCF1AB}.Debug|Any CPU.ActiveCfg = Debug|Any CPU
		{1E75B376-5B4C-4ABE-B253-DEAF4ABCF1AB}.Debug|Any CPU.Build.0 = Debug|Any CPU
		{1E75B376-5B4C-4ABE-B253-DEAF4ABCF1AB}.Release|Any CPU.ActiveCfg = Release|Any CPU
		{1E75B376-5B4C-4ABE-B253-DEAF4ABCF1AB}.Release|Any CPU.Build.0 = Release|Any CPU
		{BB902FDF-2B12-495C-ACA1-9EC3F3795AA9}.Debug|Any CPU.ActiveCfg = Debug|Any CPU
		{BB902FDF-2B12-495C-ACA1-9EC3F3795AA9}.Debug|Any CPU.Build.0 = Debug|Any CPU
		{BB902FDF-2B12-495C-ACA1-9EC3F3795AA9}.Release|Any CPU.ActiveCfg = Release|Any CPU
		{BB902FDF-2B12-495C-ACA1-9EC3F3795AA9}.Release|Any CPU.Build.0 = Release|Any CPU
		{CD408085-56C5-4D82-9EEA-8E25A7CDFADD}.Debug|Any CPU.ActiveCfg = Debug|Any CPU
		{CD408085-56C5-4D82-9EEA-8E25A7CDFADD}.Debug|Any CPU.Build.0 = Debug|Any CPU
		{CD408085-56C5-4D82-9EEA-8E25A7CDFADD}.Release|Any CPU.ActiveCfg = Release|Any CPU
		{CD408085-56C5-4D82-9EEA-8E25A7CDFADD}.Release|Any CPU.Build.0 = Release|Any CPU
	EndGlobalSection
	GlobalSection(SolutionProperties) = preSolution
		HideSolutionNode = FALSE
	EndGlobalSection
	GlobalSection(NestedProjects) = preSolution
		{72B96778-D33B-4102-8F53-9FCE2B053481} = {F39302E4-3F88-425E-8C3D-B949D9AE6815}
		{B3DDD70A-93BC-487E-8D35-2C2B0356A258} = {2DD399D0-E248-4192-8081-8BEF3C1A4FF8}
		{1E75B376-5B4C-4ABE-B253-DEAF4ABCF1AB} = {3A4A3417-B74C-421F-B3E7-D1FB6C1BADE7}
		{BB902FDF-2B12-495C-ACA1-9EC3F3795AA9} = {3A4A3417-B74C-421F-B3E7-D1FB6C1BADE7}
		{CD408085-56C5-4D82-9EEA-8E25A7CDFADD} = {E97CF558-7E02-4B78-AC90-985A878E566C}
	EndGlobalSection
	GlobalSection(ExtensibilityGlobals) = postSolution
		SolutionGuid = {73C589F8-721F-4D1B-94D7-AFACC5765BD7}
	EndGlobalSection
EndGlobal
